
Microsoft Visual Studio Solution File, Format Version 12.00
# Visual Studio 2012
Project("{2150E333-8FDC-42A3-9474-1A3956D46DE8}") = "Commons", "Commons", "{E65AA62D-2ECB-4DB8-B8FF-B22EC3369AAE}"
EndProject
Project("{FAE04EC0-301F-11D3-BF4B-00C04F79EFBC}") = "Xmf2.Commons", "src\Xmf2.Commons\Xmf2.Commons.csproj", "{636EDD70-3A6F-4CC8-B406-7BD3DB7CEF21}"
EndProject
Project("{FAE04EC0-301F-11D3-BF4B-00C04F79EFBC}") = "Xmf2.Commons.iOS", "src\Xmf2.Commons.iOS\Xmf2.Commons.iOS.csproj", "{DDF35A3E-8D9C-4255-8436-D7926236D5F9}"
EndProject
Project("{2150E333-8FDC-42A3-9474-1A3956D46DE8}") = "Rx", "Rx", "{4845F38D-11B0-464D-8B7A-A33241482674}"
EndProject
Project("{FAE04EC0-301F-11D3-BF4B-00C04F79EFBC}") = "Xmf2.Rx", "src\Xmf2.Rx\Xmf2.Rx.csproj", "{69C22C03-4170-408E-B6C2-9AF6383F9C85}"
EndProject
Project("{FAE04EC0-301F-11D3-BF4B-00C04F79EFBC}") = "Xmf2.Rx.iOS", "src\Xmf2.Rx.iOS\Xmf2.Rx.iOS.csproj", "{27492172-3AA0-4C57-A3A3-BAF41CAF4CBE}"
EndProject
Project("{FAE04EC0-301F-11D3-BF4B-00C04F79EFBC}") = "Xmf2.Rx.Droid", "src\Xmf2.Rx.Droid\Xmf2.Rx.Droid.csproj", "{30DFDFEA-2765-48E6-ABA5-E7B842C9F813}"
EndProject
Project("{FAE04EC0-301F-11D3-BF4B-00C04F79EFBC}") = "Xmf2.Commons.Droid", "src\Xmf2.Commons.Droid\Xmf2.Commons.Droid.csproj", "{E24116DB-4AC2-4EB3-9680-7985E94B66C1}"
EndProject
Global
	GlobalSection(SolutionConfigurationPlatforms) = preSolution
		Debug|Any CPU = Debug|Any CPU
		Release|Any CPU = Release|Any CPU
	EndGlobalSection
	GlobalSection(ProjectConfigurationPlatforms) = postSolution
		{636EDD70-3A6F-4CC8-B406-7BD3DB7CEF21}.Debug|Any CPU.ActiveCfg = Debug|Any CPU
		{636EDD70-3A6F-4CC8-B406-7BD3DB7CEF21}.Debug|Any CPU.Build.0 = Debug|Any CPU
		{636EDD70-3A6F-4CC8-B406-7BD3DB7CEF21}.Release|Any CPU.ActiveCfg = Release|Any CPU
		{636EDD70-3A6F-4CC8-B406-7BD3DB7CEF21}.Release|Any CPU.Build.0 = Release|Any CPU
		{DDF35A3E-8D9C-4255-8436-D7926236D5F9}.Debug|Any CPU.ActiveCfg = Debug|Any CPU
		{DDF35A3E-8D9C-4255-8436-D7926236D5F9}.Debug|Any CPU.Build.0 = Debug|Any CPU
		{DDF35A3E-8D9C-4255-8436-D7926236D5F9}.Release|Any CPU.ActiveCfg = Release|Any CPU
		{DDF35A3E-8D9C-4255-8436-D7926236D5F9}.Release|Any CPU.Build.0 = Release|Any CPU
		{69C22C03-4170-408E-B6C2-9AF6383F9C85}.Debug|Any CPU.ActiveCfg = Debug|Any CPU
		{69C22C03-4170-408E-B6C2-9AF6383F9C85}.Debug|Any CPU.Build.0 = Debug|Any CPU
		{69C22C03-4170-408E-B6C2-9AF6383F9C85}.Release|Any CPU.ActiveCfg = Release|Any CPU
		{69C22C03-4170-408E-B6C2-9AF6383F9C85}.Release|Any CPU.Build.0 = Release|Any CPU
		{27492172-3AA0-4C57-A3A3-BAF41CAF4CBE}.Debug|Any CPU.ActiveCfg = Debug|Any CPU
		{27492172-3AA0-4C57-A3A3-BAF41CAF4CBE}.Debug|Any CPU.Build.0 = Debug|Any CPU
		{27492172-3AA0-4C57-A3A3-BAF41CAF4CBE}.Release|Any CPU.ActiveCfg = Release|Any CPU
		{27492172-3AA0-4C57-A3A3-BAF41CAF4CBE}.Release|Any CPU.Build.0 = Release|Any CPU
		{30DFDFEA-2765-48E6-ABA5-E7B842C9F813}.Debug|Any CPU.ActiveCfg = Debug|Any CPU
		{30DFDFEA-2765-48E6-ABA5-E7B842C9F813}.Debug|Any CPU.Build.0 = Debug|Any CPU
		{30DFDFEA-2765-48E6-ABA5-E7B842C9F813}.Release|Any CPU.ActiveCfg = Release|Any CPU
		{30DFDFEA-2765-48E6-ABA5-E7B842C9F813}.Release|Any CPU.Build.0 = Release|Any CPU
		{E24116DB-4AC2-4EB3-9680-7985E94B66C1}.Debug|Any CPU.ActiveCfg = Debug|Any CPU
		{E24116DB-4AC2-4EB3-9680-7985E94B66C1}.Debug|Any CPU.Build.0 = Debug|Any CPU
		{E24116DB-4AC2-4EB3-9680-7985E94B66C1}.Release|Any CPU.ActiveCfg = Release|Any CPU
		{E24116DB-4AC2-4EB3-9680-7985E94B66C1}.Release|Any CPU.Build.0 = Release|Any CPU
	EndGlobalSection
	GlobalSection(NestedProjects) = preSolution
		{636EDD70-3A6F-4CC8-B406-7BD3DB7CEF21} = {E65AA62D-2ECB-4DB8-B8FF-B22EC3369AAE}
		{DDF35A3E-8D9C-4255-8436-D7926236D5F9} = {E65AA62D-2ECB-4DB8-B8FF-B22EC3369AAE}
		{69C22C03-4170-408E-B6C2-9AF6383F9C85} = {4845F38D-11B0-464D-8B7A-A33241482674}
		{27492172-3AA0-4C57-A3A3-BAF41CAF4CBE} = {4845F38D-11B0-464D-8B7A-A33241482674}
		{30DFDFEA-2765-48E6-ABA5-E7B842C9F813} = {4845F38D-11B0-464D-8B7A-A33241482674}
		{E24116DB-4AC2-4EB3-9680-7985E94B66C1} = {E65AA62D-2ECB-4DB8-B8FF-B22EC3369AAE}
	EndGlobalSection
EndGlobal
