
Microsoft Visual Studio Solution File, Format Version 12.00
# Visual Studio 2012
VisualStudioVersion = 14.0.24720.0
MinimumVisualStudioVersion = 10.0.40219.1
Project("{FAE04EC0-301F-11D3-BF4B-00C04F79EFBC}") = "Xmf2.Commons.MvxExtends", "Xmf2.Commons.MvxExtends\Xmf2.Commons.MvxExtends.csproj", "{7D6A560F-5947-4ABA-AF63-902E40ACDA2B}"
EndProject
Project("{FAE04EC0-301F-11D3-BF4B-00C04F79EFBC}") = "Xmf2.Commons.MvxExtends.Droid", "Xmf2.Commons.MvxExtends.Droid\Xmf2.Commons.MvxExtends.Droid.csproj", "{2DCAB1A2-1600-4009-AE0B-CA65B85655D2}"
EndProject
Project("{FAE04EC0-301F-11D3-BF4B-00C04F79EFBC}") = "Xmf2.Commons.MvxExtends.DroidAppCompat", "Xmf2.Commons.MvxExtends.DroidAppCompat\Xmf2.Commons.MvxExtends.DroidAppCompat.csproj", "{9472ED23-9859-4F55-892A-03F276044F42}"
EndProject
Project("{2150E333-8FDC-42A3-9474-1A3956D46DE8}") = "Mvx", "Mvx", "{263413AE-74AE-4A9E-BCE5-12B3A34FF6E2}"
EndProject
Project("{FAE04EC0-301F-11D3-BF4B-00C04F79EFBC}") = "Cirrious.CrossCore", "..\..\MvvmCross\CrossCore\Cirrious.CrossCore\Cirrious.CrossCore.csproj", "{CFF6F25A-3C3B-44EE-A54C-2ED4AAFF3ADB}"
EndProject
Project("{FAE04EC0-301F-11D3-BF4B-00C04F79EFBC}") = "Cirrious.MvvmCross", "..\..\MvvmCross\Cirrious\Cirrious.MvvmCross\Cirrious.MvvmCross.csproj", "{B6E27475-E7D0-448C-A5CC-5097DCA1E2DD}"
EndProject
Project("{FAE04EC0-301F-11D3-BF4B-00C04F79EFBC}") = "Cirrious.CrossCore.Droid", "..\..\MvvmCross\CrossCore\Cirrious.CrossCore.Droid\Cirrious.CrossCore.Droid.csproj", "{CAF8935F-56FE-4485-9D34-4A38FE79F6C9}"
EndProject
Project("{FAE04EC0-301F-11D3-BF4B-00C04F79EFBC}") = "Cirrious.MvvmCross.Binding", "..\..\MvvmCross\Cirrious\Cirrious.MvvmCross.Binding\Cirrious.MvvmCross.Binding.csproj", "{64DCD397-9019-41E8-A928-E5F5C5DF185B}"
EndProject
Project("{FAE04EC0-301F-11D3-BF4B-00C04F79EFBC}") = "Cirrious.MvvmCross.Binding.Droid", "..\..\MvvmCross\Cirrious\Cirrious.MvvmCross.Binding.Droid\Cirrious.MvvmCross.Binding.Droid.csproj", "{47FD89C3-19DC-4BD2-9B6D-FB8363BE7EB9}"
EndProject
Project("{FAE04EC0-301F-11D3-BF4B-00C04F79EFBC}") = "Cirrious.MvvmCross.Droid", "..\..\MvvmCross\Cirrious\Cirrious.MvvmCross.Droid\Cirrious.MvvmCross.Droid.csproj", "{7A6BE137-D0F1-46A1-AE5C-81FAEEDDDF02}"
EndProject
Project("{FAE04EC0-301F-11D3-BF4B-00C04F79EFBC}") = "Cirrious.MvvmCross.Localization", "..\..\MvvmCross\Cirrious\Cirrious.MvvmCross.Localization\Cirrious.MvvmCross.Localization.csproj", "{D89351C1-D48F-4AD0-A0B9-353A93425AB7}"
EndProject
Project("{FAE04EC0-301F-11D3-BF4B-00C04F79EFBC}") = "Cirrious.CrossCore.Touch", "..\..\MvvmCross\CrossCore\Cirrious.CrossCore.Touch\Cirrious.CrossCore.Touch.csproj", "{BBBCD850-E7CB-4B6C-86D9-CE01F2B1C81C}"
EndProject
Project("{FAE04EC0-301F-11D3-BF4B-00C04F79EFBC}") = "Cirrious.MvvmCross.Binding.Touch", "..\..\MvvmCross\Cirrious\Cirrious.MvvmCross.Binding.Touch\Cirrious.MvvmCross.Binding.Touch.csproj", "{913B13B5-7B2C-4DDA-BECB-DADC827ED895}"
EndProject
Project("{FAE04EC0-301F-11D3-BF4B-00C04F79EFBC}") = "Cirrious.MvvmCross.Touch", "..\..\MvvmCross\Cirrious\Cirrious.MvvmCross.Touch\Cirrious.MvvmCross.Touch.csproj", "{E042EDD9-E89D-4928-BF4D-27F0FC29CEDA}"
EndProject
Project("{2150E333-8FDC-42A3-9474-1A3956D46DE8}") = "Mvx-AndroidSupport", "Mvx-AndroidSupport", "{D3CFB9DF-D723-40DE-BBFA-F93CA6E1E1CD}"
EndProject
Project("{FAE04EC0-301F-11D3-BF4B-00C04F79EFBC}") = "MvvmCross.Droid.Support.V7.AppCompat", "..\..\MvvmCross-AndroidSupport\MvvmCross.Droid.Support.V7.AppCompat\MvvmCross.Droid.Support.V7.AppCompat.csproj", "{911D9032-EA82-41B9-80D7-5DB84951B6E5}"
EndProject
Project("{FAE04EC0-301F-11D3-BF4B-00C04F79EFBC}") = "MvvmCross.Droid.Support.V7.Fragging", "..\..\MvvmCross-AndroidSupport\MvvmCross.Droid.Support.V7.Fragging\MvvmCross.Droid.Support.V7.Fragging.csproj", "{5B74F15E-E377-4662-9636-4233049EDDC3}"
EndProject
Project("{FAE04EC0-301F-11D3-BF4B-00C04F79EFBC}") = "Xmf2.Commons.MvxExtends.Touch", "Xmf2.Commons.MvxExtends.Touch\Xmf2.Commons.MvxExtends.Touch.csproj", "{F09C3AFD-FA59-4BF1-99EA-DBD2AC3BAB3B}"
EndProject
Global
	GlobalSection(SolutionConfigurationPlatforms) = preSolution
		Debug|Any CPU = Debug|Any CPU
		Release|Any CPU = Release|Any CPU
		TouchDeviceDebug|iPhone = TouchDeviceDebug|iPhone
		TouchSimilatorDebug|iPhoneSimulator = TouchSimilatorDebug|iPhoneSimulator
		TouchUserSimulator|Any CPU = TouchUserSimulator|Any CPU
	EndGlobalSection
	GlobalSection(ProjectConfigurationPlatforms) = postSolution
		{2DCAB1A2-1600-4009-AE0B-CA65B85655D2}.Debug|Any CPU.ActiveCfg = Debug|Any CPU
		{2DCAB1A2-1600-4009-AE0B-CA65B85655D2}.Debug|Any CPU.Build.0 = Debug|Any CPU
		{2DCAB1A2-1600-4009-AE0B-CA65B85655D2}.Release|Any CPU.ActiveCfg = Release|Any CPU
		{2DCAB1A2-1600-4009-AE0B-CA65B85655D2}.Release|Any CPU.Build.0 = Release|Any CPU
		{2DCAB1A2-1600-4009-AE0B-CA65B85655D2}.TouchDeviceDebug|iPhone.ActiveCfg = Debug|Any CPU
		{2DCAB1A2-1600-4009-AE0B-CA65B85655D2}.TouchDeviceDebug|iPhone.Build.0 = Debug|Any CPU
		{2DCAB1A2-1600-4009-AE0B-CA65B85655D2}.TouchSimilatorDebug|iPhoneSimulator.ActiveCfg = Debug|Any CPU
		{2DCAB1A2-1600-4009-AE0B-CA65B85655D2}.TouchSimilatorDebug|iPhoneSimulator.Build.0 = Debug|Any CPU
		{2DCAB1A2-1600-4009-AE0B-CA65B85655D2}.TouchUserSimulator|Any CPU.ActiveCfg = Debug|Any CPU
		{2DCAB1A2-1600-4009-AE0B-CA65B85655D2}.TouchUserSimulator|Any CPU.Build.0 = Debug|Any CPU
		{47FD89C3-19DC-4BD2-9B6D-FB8363BE7EB9}.Debug|Any CPU.ActiveCfg = Debug|Any CPU
		{47FD89C3-19DC-4BD2-9B6D-FB8363BE7EB9}.Debug|Any CPU.Build.0 = Debug|Any CPU
		{47FD89C3-19DC-4BD2-9B6D-FB8363BE7EB9}.Release|Any CPU.ActiveCfg = Release|Any CPU
		{47FD89C3-19DC-4BD2-9B6D-FB8363BE7EB9}.Release|Any CPU.Build.0 = Release|Any CPU
		{47FD89C3-19DC-4BD2-9B6D-FB8363BE7EB9}.TouchDeviceDebug|iPhone.ActiveCfg = TouchDeviceDebug|iPhone
		{47FD89C3-19DC-4BD2-9B6D-FB8363BE7EB9}.TouchDeviceDebug|iPhone.Build.0 = TouchDeviceDebug|iPhone
		{47FD89C3-19DC-4BD2-9B6D-FB8363BE7EB9}.TouchSimilatorDebug|iPhoneSimulator.ActiveCfg = TouchSimilatorDebug|iPhoneSimulator
		{47FD89C3-19DC-4BD2-9B6D-FB8363BE7EB9}.TouchSimilatorDebug|iPhoneSimulator.Build.0 = TouchSimilatorDebug|iPhoneSimulator
		{47FD89C3-19DC-4BD2-9B6D-FB8363BE7EB9}.TouchUserSimulator|Any CPU.ActiveCfg = TouchUserSimulator|Any CPU
		{47FD89C3-19DC-4BD2-9B6D-FB8363BE7EB9}.TouchUserSimulator|Any CPU.Build.0 = TouchUserSimulator|Any CPU
		{5B74F15E-E377-4662-9636-4233049EDDC3}.Debug|Any CPU.ActiveCfg = Debug|Any CPU
		{5B74F15E-E377-4662-9636-4233049EDDC3}.Debug|Any CPU.Build.0 = Debug|Any CPU
		{5B74F15E-E377-4662-9636-4233049EDDC3}.Release|Any CPU.ActiveCfg = Release|Any CPU
		{5B74F15E-E377-4662-9636-4233049EDDC3}.Release|Any CPU.Build.0 = Release|Any CPU
		{5B74F15E-E377-4662-9636-4233049EDDC3}.TouchDeviceDebug|iPhone.ActiveCfg = TouchDeviceDebug|iPhone
		{5B74F15E-E377-4662-9636-4233049EDDC3}.TouchDeviceDebug|iPhone.Build.0 = TouchDeviceDebug|iPhone
		{5B74F15E-E377-4662-9636-4233049EDDC3}.TouchSimilatorDebug|iPhoneSimulator.ActiveCfg = TouchSimilatorDebug|iPhoneSimulator
		{5B74F15E-E377-4662-9636-4233049EDDC3}.TouchSimilatorDebug|iPhoneSimulator.Build.0 = TouchSimilatorDebug|iPhoneSimulator
		{5B74F15E-E377-4662-9636-4233049EDDC3}.TouchUserSimulator|Any CPU.ActiveCfg = TouchUserSimulator|Any CPU
		{5B74F15E-E377-4662-9636-4233049EDDC3}.TouchUserSimulator|Any CPU.Build.0 = TouchUserSimulator|Any CPU
		{64DCD397-9019-41E8-A928-E5F5C5DF185B}.Debug|Any CPU.ActiveCfg = Debug|Any CPU
		{64DCD397-9019-41E8-A928-E5F5C5DF185B}.Debug|Any CPU.Build.0 = Debug|Any CPU
		{64DCD397-9019-41E8-A928-E5F5C5DF185B}.Release|Any CPU.ActiveCfg = Release|Any CPU
		{64DCD397-9019-41E8-A928-E5F5C5DF185B}.Release|Any CPU.Build.0 = Release|Any CPU
		{64DCD397-9019-41E8-A928-E5F5C5DF185B}.TouchDeviceDebug|iPhone.ActiveCfg = TouchDeviceDebug|iPhone
		{64DCD397-9019-41E8-A928-E5F5C5DF185B}.TouchDeviceDebug|iPhone.Build.0 = TouchDeviceDebug|iPhone
		{64DCD397-9019-41E8-A928-E5F5C5DF185B}.TouchSimilatorDebug|iPhoneSimulator.ActiveCfg = TouchSimilatorDebug|iPhoneSimulator
		{64DCD397-9019-41E8-A928-E5F5C5DF185B}.TouchSimilatorDebug|iPhoneSimulator.Build.0 = TouchSimilatorDebug|iPhoneSimulator
		{64DCD397-9019-41E8-A928-E5F5C5DF185B}.TouchUserSimulator|Any CPU.ActiveCfg = TouchUserSimulator|Any CPU
		{64DCD397-9019-41E8-A928-E5F5C5DF185B}.TouchUserSimulator|Any CPU.Build.0 = TouchUserSimulator|Any CPU
		{7A6BE137-D0F1-46A1-AE5C-81FAEEDDDF02}.Debug|Any CPU.ActiveCfg = Debug|Any CPU
		{7A6BE137-D0F1-46A1-AE5C-81FAEEDDDF02}.Debug|Any CPU.Build.0 = Debug|Any CPU
		{7A6BE137-D0F1-46A1-AE5C-81FAEEDDDF02}.Release|Any CPU.ActiveCfg = Release|Any CPU
		{7A6BE137-D0F1-46A1-AE5C-81FAEEDDDF02}.Release|Any CPU.Build.0 = Release|Any CPU
		{7A6BE137-D0F1-46A1-AE5C-81FAEEDDDF02}.TouchDeviceDebug|iPhone.ActiveCfg = TouchDeviceDebug|iPhone
		{7A6BE137-D0F1-46A1-AE5C-81FAEEDDDF02}.TouchDeviceDebug|iPhone.Build.0 = TouchDeviceDebug|iPhone
		{7A6BE137-D0F1-46A1-AE5C-81FAEEDDDF02}.TouchSimilatorDebug|iPhoneSimulator.ActiveCfg = TouchSimilatorDebug|iPhoneSimulator
		{7A6BE137-D0F1-46A1-AE5C-81FAEEDDDF02}.TouchSimilatorDebug|iPhoneSimulator.Build.0 = TouchSimilatorDebug|iPhoneSimulator
		{7A6BE137-D0F1-46A1-AE5C-81FAEEDDDF02}.TouchUserSimulator|Any CPU.ActiveCfg = TouchUserSimulator|Any CPU
		{7A6BE137-D0F1-46A1-AE5C-81FAEEDDDF02}.TouchUserSimulator|Any CPU.Build.0 = TouchUserSimulator|Any CPU
		{7D6A560F-5947-4ABA-AF63-902E40ACDA2B}.Debug|Any CPU.ActiveCfg = Debug|Any CPU
		{7D6A560F-5947-4ABA-AF63-902E40ACDA2B}.Debug|Any CPU.Build.0 = Debug|Any CPU
		{7D6A560F-5947-4ABA-AF63-902E40ACDA2B}.Release|Any CPU.ActiveCfg = Release|Any CPU
		{7D6A560F-5947-4ABA-AF63-902E40ACDA2B}.Release|Any CPU.Build.0 = Release|Any CPU
		{7D6A560F-5947-4ABA-AF63-902E40ACDA2B}.TouchDeviceDebug|iPhone.ActiveCfg = Debug|Any CPU
		{7D6A560F-5947-4ABA-AF63-902E40ACDA2B}.TouchDeviceDebug|iPhone.Build.0 = Debug|Any CPU
		{7D6A560F-5947-4ABA-AF63-902E40ACDA2B}.TouchSimilatorDebug|iPhoneSimulator.ActiveCfg = Debug|Any CPU
		{7D6A560F-5947-4ABA-AF63-902E40ACDA2B}.TouchSimilatorDebug|iPhoneSimulator.Build.0 = Debug|Any CPU
		{7D6A560F-5947-4ABA-AF63-902E40ACDA2B}.TouchUserSimulator|Any CPU.ActiveCfg = Debug|Any CPU
		{7D6A560F-5947-4ABA-AF63-902E40ACDA2B}.TouchUserSimulator|Any CPU.Build.0 = Debug|Any CPU
		{911D9032-EA82-41B9-80D7-5DB84951B6E5}.Debug|Any CPU.ActiveCfg = Debug|Any CPU
		{911D9032-EA82-41B9-80D7-5DB84951B6E5}.Debug|Any CPU.Build.0 = Debug|Any CPU
		{911D9032-EA82-41B9-80D7-5DB84951B6E5}.Release|Any CPU.ActiveCfg = Release|Any CPU
		{911D9032-EA82-41B9-80D7-5DB84951B6E5}.Release|Any CPU.Build.0 = Release|Any CPU
		{911D9032-EA82-41B9-80D7-5DB84951B6E5}.TouchDeviceDebug|iPhone.ActiveCfg = TouchDeviceDebug|iPhone
		{911D9032-EA82-41B9-80D7-5DB84951B6E5}.TouchDeviceDebug|iPhone.Build.0 = TouchDeviceDebug|iPhone
		{911D9032-EA82-41B9-80D7-5DB84951B6E5}.TouchSimilatorDebug|iPhoneSimulator.ActiveCfg = TouchSimilatorDebug|iPhoneSimulator
		{911D9032-EA82-41B9-80D7-5DB84951B6E5}.TouchSimilatorDebug|iPhoneSimulator.Build.0 = TouchSimilatorDebug|iPhoneSimulator
		{911D9032-EA82-41B9-80D7-5DB84951B6E5}.TouchUserSimulator|Any CPU.ActiveCfg = TouchUserSimulator|Any CPU
		{911D9032-EA82-41B9-80D7-5DB84951B6E5}.TouchUserSimulator|Any CPU.Build.0 = TouchUserSimulator|Any CPU
		{913B13B5-7B2C-4DDA-BECB-DADC827ED895}.Debug|Any CPU.ActiveCfg = Debug|Any CPU
		{913B13B5-7B2C-4DDA-BECB-DADC827ED895}.Debug|Any CPU.Build.0 = Debug|Any CPU
		{913B13B5-7B2C-4DDA-BECB-DADC827ED895}.Release|Any CPU.ActiveCfg = Release|Any CPU
		{913B13B5-7B2C-4DDA-BECB-DADC827ED895}.Release|Any CPU.Build.0 = Release|Any CPU
		{913B13B5-7B2C-4DDA-BECB-DADC827ED895}.TouchDeviceDebug|iPhone.ActiveCfg = TouchDeviceDebug|iPhone
		{913B13B5-7B2C-4DDA-BECB-DADC827ED895}.TouchDeviceDebug|iPhone.Build.0 = TouchDeviceDebug|iPhone
		{913B13B5-7B2C-4DDA-BECB-DADC827ED895}.TouchSimilatorDebug|iPhoneSimulator.ActiveCfg = TouchSimilatorDebug|iPhoneSimulator
		{913B13B5-7B2C-4DDA-BECB-DADC827ED895}.TouchSimilatorDebug|iPhoneSimulator.Build.0 = TouchSimilatorDebug|iPhoneSimulator
		{913B13B5-7B2C-4DDA-BECB-DADC827ED895}.TouchUserSimulator|Any CPU.ActiveCfg = TouchUserSimulator|Any CPU
		{913B13B5-7B2C-4DDA-BECB-DADC827ED895}.TouchUserSimulator|Any CPU.Build.0 = TouchUserSimulator|Any CPU
		{9472ED23-9859-4F55-892A-03F276044F42}.Debug|Any CPU.ActiveCfg = Debug|Any CPU
		{9472ED23-9859-4F55-892A-03F276044F42}.Debug|Any CPU.Build.0 = Debug|Any CPU
		{9472ED23-9859-4F55-892A-03F276044F42}.Release|Any CPU.ActiveCfg = Release|Any CPU
		{9472ED23-9859-4F55-892A-03F276044F42}.Release|Any CPU.Build.0 = Release|Any CPU
		{9472ED23-9859-4F55-892A-03F276044F42}.TouchDeviceDebug|iPhone.ActiveCfg = Debug|Any CPU
		{9472ED23-9859-4F55-892A-03F276044F42}.TouchDeviceDebug|iPhone.Build.0 = Debug|Any CPU
		{9472ED23-9859-4F55-892A-03F276044F42}.TouchSimilatorDebug|iPhoneSimulator.ActiveCfg = Debug|Any CPU
		{9472ED23-9859-4F55-892A-03F276044F42}.TouchSimilatorDebug|iPhoneSimulator.Build.0 = Debug|Any CPU
		{9472ED23-9859-4F55-892A-03F276044F42}.TouchUserSimulator|Any CPU.ActiveCfg = Debug|Any CPU
		{9472ED23-9859-4F55-892A-03F276044F42}.TouchUserSimulator|Any CPU.Build.0 = Debug|Any CPU
		{B6E27475-E7D0-448C-A5CC-5097DCA1E2DD}.Debug|Any CPU.ActiveCfg = Debug|Any CPU
		{B6E27475-E7D0-448C-A5CC-5097DCA1E2DD}.Debug|Any CPU.Build.0 = Debug|Any CPU
		{B6E27475-E7D0-448C-A5CC-5097DCA1E2DD}.Release|Any CPU.ActiveCfg = Release|Any CPU
		{B6E27475-E7D0-448C-A5CC-5097DCA1E2DD}.Release|Any CPU.Build.0 = Release|Any CPU
		{B6E27475-E7D0-448C-A5CC-5097DCA1E2DD}.TouchDeviceDebug|iPhone.ActiveCfg = TouchDeviceDebug|iPhone
		{B6E27475-E7D0-448C-A5CC-5097DCA1E2DD}.TouchDeviceDebug|iPhone.Build.0 = TouchDeviceDebug|iPhone
		{B6E27475-E7D0-448C-A5CC-5097DCA1E2DD}.TouchSimilatorDebug|iPhoneSimulator.ActiveCfg = TouchSimilatorDebug|iPhoneSimulator
		{B6E27475-E7D0-448C-A5CC-5097DCA1E2DD}.TouchSimilatorDebug|iPhoneSimulator.Build.0 = TouchSimilatorDebug|iPhoneSimulator
		{B6E27475-E7D0-448C-A5CC-5097DCA1E2DD}.TouchUserSimulator|Any CPU.ActiveCfg = TouchUserSimulator|Any CPU
		{B6E27475-E7D0-448C-A5CC-5097DCA1E2DD}.TouchUserSimulator|Any CPU.Build.0 = TouchUserSimulator|Any CPU
		{BBBCD850-E7CB-4B6C-86D9-CE01F2B1C81C}.Debug|Any CPU.ActiveCfg = Debug|Any CPU
		{BBBCD850-E7CB-4B6C-86D9-CE01F2B1C81C}.Debug|Any CPU.Build.0 = Debug|Any CPU
		{BBBCD850-E7CB-4B6C-86D9-CE01F2B1C81C}.Release|Any CPU.ActiveCfg = Release|Any CPU
		{BBBCD850-E7CB-4B6C-86D9-CE01F2B1C81C}.Release|Any CPU.Build.0 = Release|Any CPU
		{BBBCD850-E7CB-4B6C-86D9-CE01F2B1C81C}.TouchDeviceDebug|iPhone.ActiveCfg = TouchDeviceDebug|iPhone
		{BBBCD850-E7CB-4B6C-86D9-CE01F2B1C81C}.TouchDeviceDebug|iPhone.Build.0 = TouchDeviceDebug|iPhone
		{BBBCD850-E7CB-4B6C-86D9-CE01F2B1C81C}.TouchSimilatorDebug|iPhoneSimulator.ActiveCfg = TouchSimilatorDebug|iPhoneSimulator
		{BBBCD850-E7CB-4B6C-86D9-CE01F2B1C81C}.TouchSimilatorDebug|iPhoneSimulator.Build.0 = TouchSimilatorDebug|iPhoneSimulator
		{BBBCD850-E7CB-4B6C-86D9-CE01F2B1C81C}.TouchUserSimulator|Any CPU.ActiveCfg = TouchUserSimulator|Any CPU
		{BBBCD850-E7CB-4B6C-86D9-CE01F2B1C81C}.TouchUserSimulator|Any CPU.Build.0 = TouchUserSimulator|Any CPU
		{CAF8935F-56FE-4485-9D34-4A38FE79F6C9}.Debug|Any CPU.ActiveCfg = Debug|Any CPU
		{CAF8935F-56FE-4485-9D34-4A38FE79F6C9}.Debug|Any CPU.Build.0 = Debug|Any CPU
		{CAF8935F-56FE-4485-9D34-4A38FE79F6C9}.Release|Any CPU.ActiveCfg = Release|Any CPU
		{CAF8935F-56FE-4485-9D34-4A38FE79F6C9}.Release|Any CPU.Build.0 = Release|Any CPU
		{CAF8935F-56FE-4485-9D34-4A38FE79F6C9}.TouchDeviceDebug|iPhone.ActiveCfg = TouchDeviceDebug|iPhone
		{CAF8935F-56FE-4485-9D34-4A38FE79F6C9}.TouchDeviceDebug|iPhone.Build.0 = TouchDeviceDebug|iPhone
		{CAF8935F-56FE-4485-9D34-4A38FE79F6C9}.TouchSimilatorDebug|iPhoneSimulator.ActiveCfg = TouchSimilatorDebug|iPhoneSimulator
		{CAF8935F-56FE-4485-9D34-4A38FE79F6C9}.TouchSimilatorDebug|iPhoneSimulator.Build.0 = TouchSimilatorDebug|iPhoneSimulator
		{CAF8935F-56FE-4485-9D34-4A38FE79F6C9}.TouchUserSimulator|Any CPU.ActiveCfg = TouchUserSimulator|Any CPU
		{CAF8935F-56FE-4485-9D34-4A38FE79F6C9}.TouchUserSimulator|Any CPU.Build.0 = TouchUserSimulator|Any CPU
		{CFF6F25A-3C3B-44EE-A54C-2ED4AAFF3ADB}.Debug|Any CPU.ActiveCfg = Debug|Any CPU
		{CFF6F25A-3C3B-44EE-A54C-2ED4AAFF3ADB}.Debug|Any CPU.Build.0 = Debug|Any CPU
		{CFF6F25A-3C3B-44EE-A54C-2ED4AAFF3ADB}.Release|Any CPU.ActiveCfg = Release|Any CPU
		{CFF6F25A-3C3B-44EE-A54C-2ED4AAFF3ADB}.Release|Any CPU.Build.0 = Release|Any CPU
		{CFF6F25A-3C3B-44EE-A54C-2ED4AAFF3ADB}.TouchDeviceDebug|iPhone.ActiveCfg = TouchDeviceDebug|iPhone
		{CFF6F25A-3C3B-44EE-A54C-2ED4AAFF3ADB}.TouchDeviceDebug|iPhone.Build.0 = TouchDeviceDebug|iPhone
		{CFF6F25A-3C3B-44EE-A54C-2ED4AAFF3ADB}.TouchSimilatorDebug|iPhoneSimulator.ActiveCfg = TouchSimilatorDebug|iPhoneSimulator
		{CFF6F25A-3C3B-44EE-A54C-2ED4AAFF3ADB}.TouchSimilatorDebug|iPhoneSimulator.Build.0 = TouchSimilatorDebug|iPhoneSimulator
		{CFF6F25A-3C3B-44EE-A54C-2ED4AAFF3ADB}.TouchUserSimulator|Any CPU.ActiveCfg = TouchUserSimulator|Any CPU
		{CFF6F25A-3C3B-44EE-A54C-2ED4AAFF3ADB}.TouchUserSimulator|Any CPU.Build.0 = TouchUserSimulator|Any CPU
		{D89351C1-D48F-4AD0-A0B9-353A93425AB7}.Debug|Any CPU.ActiveCfg = Debug|Any CPU
		{D89351C1-D48F-4AD0-A0B9-353A93425AB7}.Debug|Any CPU.Build.0 = Debug|Any CPU
		{D89351C1-D48F-4AD0-A0B9-353A93425AB7}.Release|Any CPU.ActiveCfg = Release|Any CPU
		{D89351C1-D48F-4AD0-A0B9-353A93425AB7}.Release|Any CPU.Build.0 = Release|Any CPU
		{D89351C1-D48F-4AD0-A0B9-353A93425AB7}.TouchDeviceDebug|iPhone.ActiveCfg = TouchDeviceDebug|iPhone
		{D89351C1-D48F-4AD0-A0B9-353A93425AB7}.TouchDeviceDebug|iPhone.Build.0 = TouchDeviceDebug|iPhone
		{D89351C1-D48F-4AD0-A0B9-353A93425AB7}.TouchSimilatorDebug|iPhoneSimulator.ActiveCfg = TouchSimilatorDebug|iPhoneSimulator
		{D89351C1-D48F-4AD0-A0B9-353A93425AB7}.TouchSimilatorDebug|iPhoneSimulator.Build.0 = TouchSimilatorDebug|iPhoneSimulator
		{D89351C1-D48F-4AD0-A0B9-353A93425AB7}.TouchUserSimulator|Any CPU.ActiveCfg = TouchUserSimulator|Any CPU
		{D89351C1-D48F-4AD0-A0B9-353A93425AB7}.TouchUserSimulator|Any CPU.Build.0 = TouchUserSimulator|Any CPU
		{E042EDD9-E89D-4928-BF4D-27F0FC29CEDA}.Debug|Any CPU.ActiveCfg = Debug|Any CPU
		{E042EDD9-E89D-4928-BF4D-27F0FC29CEDA}.Debug|Any CPU.Build.0 = Debug|Any CPU
		{E042EDD9-E89D-4928-BF4D-27F0FC29CEDA}.Release|Any CPU.ActiveCfg = Release|Any CPU
		{E042EDD9-E89D-4928-BF4D-27F0FC29CEDA}.Release|Any CPU.Build.0 = Release|Any CPU
		{E042EDD9-E89D-4928-BF4D-27F0FC29CEDA}.TouchDeviceDebug|iPhone.ActiveCfg = TouchDeviceDebug|iPhone
		{E042EDD9-E89D-4928-BF4D-27F0FC29CEDA}.TouchDeviceDebug|iPhone.Build.0 = TouchDeviceDebug|iPhone
		{E042EDD9-E89D-4928-BF4D-27F0FC29CEDA}.TouchSimilatorDebug|iPhoneSimulator.ActiveCfg = TouchSimilatorDebug|iPhoneSimulator
		{E042EDD9-E89D-4928-BF4D-27F0FC29CEDA}.TouchSimilatorDebug|iPhoneSimulator.Build.0 = TouchSimilatorDebug|iPhoneSimulator
		{E042EDD9-E89D-4928-BF4D-27F0FC29CEDA}.TouchUserSimulator|Any CPU.ActiveCfg = TouchUserSimulator|Any CPU
		{E042EDD9-E89D-4928-BF4D-27F0FC29CEDA}.TouchUserSimulator|Any CPU.Build.0 = TouchUserSimulator|Any CPU
		{F09C3AFD-FA59-4BF1-99EA-DBD2AC3BAB3B}.Debug|Any CPU.ActiveCfg = Debug|Any CPU
		{F09C3AFD-FA59-4BF1-99EA-DBD2AC3BAB3B}.Debug|Any CPU.Build.0 = Debug|Any CPU
		{F09C3AFD-FA59-4BF1-99EA-DBD2AC3BAB3B}.Release|Any CPU.ActiveCfg = Release|Any CPU
		{F09C3AFD-FA59-4BF1-99EA-DBD2AC3BAB3B}.Release|Any CPU.Build.0 = Release|Any CPU
		{F09C3AFD-FA59-4BF1-99EA-DBD2AC3BAB3B}.TouchDeviceDebug|iPhone.ActiveCfg = Debug|Any CPU
		{F09C3AFD-FA59-4BF1-99EA-DBD2AC3BAB3B}.TouchDeviceDebug|iPhone.Build.0 = Debug|Any CPU
		{F09C3AFD-FA59-4BF1-99EA-DBD2AC3BAB3B}.TouchSimilatorDebug|iPhoneSimulator.ActiveCfg = Debug|Any CPU
		{F09C3AFD-FA59-4BF1-99EA-DBD2AC3BAB3B}.TouchSimilatorDebug|iPhoneSimulator.Build.0 = Debug|Any CPU
		{F09C3AFD-FA59-4BF1-99EA-DBD2AC3BAB3B}.TouchUserSimulator|Any CPU.ActiveCfg = Debug|Any CPU
		{F09C3AFD-FA59-4BF1-99EA-DBD2AC3BAB3B}.TouchUserSimulator|Any CPU.Build.0 = Debug|Any CPU
	EndGlobalSection
	GlobalSection(NestedProjects) = preSolution
		{CFF6F25A-3C3B-44EE-A54C-2ED4AAFF3ADB} = {263413AE-74AE-4A9E-BCE5-12B3A34FF6E2}
		{B6E27475-E7D0-448C-A5CC-5097DCA1E2DD} = {263413AE-74AE-4A9E-BCE5-12B3A34FF6E2}
		{CAF8935F-56FE-4485-9D34-4A38FE79F6C9} = {263413AE-74AE-4A9E-BCE5-12B3A34FF6E2}
		{64DCD397-9019-41E8-A928-E5F5C5DF185B} = {263413AE-74AE-4A9E-BCE5-12B3A34FF6E2}
		{47FD89C3-19DC-4BD2-9B6D-FB8363BE7EB9} = {263413AE-74AE-4A9E-BCE5-12B3A34FF6E2}
		{7A6BE137-D0F1-46A1-AE5C-81FAEEDDDF02} = {263413AE-74AE-4A9E-BCE5-12B3A34FF6E2}
		{D89351C1-D48F-4AD0-A0B9-353A93425AB7} = {263413AE-74AE-4A9E-BCE5-12B3A34FF6E2}
		{BBBCD850-E7CB-4B6C-86D9-CE01F2B1C81C} = {263413AE-74AE-4A9E-BCE5-12B3A34FF6E2}
		{913B13B5-7B2C-4DDA-BECB-DADC827ED895} = {263413AE-74AE-4A9E-BCE5-12B3A34FF6E2}
		{E042EDD9-E89D-4928-BF4D-27F0FC29CEDA} = {263413AE-74AE-4A9E-BCE5-12B3A34FF6E2}
		{911D9032-EA82-41B9-80D7-5DB84951B6E5} = {D3CFB9DF-D723-40DE-BBFA-F93CA6E1E1CD}
		{5B74F15E-E377-4662-9636-4233049EDDC3} = {D3CFB9DF-D723-40DE-BBFA-F93CA6E1E1CD}
	EndGlobalSection
	GlobalSection(SolutionProperties) = preSolution
		HideSolutionNode = FALSE
	EndGlobalSection
EndGlobal
