
Microsoft Visual Studio Solution File, Format Version 12.00
# Visual Studio 14
VisualStudioVersion = 14.0.23107.0
MinimumVisualStudioVersion = 10.0.40219.1
Project("{FAE04EC0-301F-11D3-BF4B-00C04F79EFBC}") = "RestSharp.Portable.OAuth2Password", "RestSharp.Portable.OAuth2Password\RestSharp.Portable.OAuth2Password.csproj", "{4DF6D191-155C-4C5E-9E14-B5404E7824B0}"
EndProject
Project("{FAE04EC0-301F-11D3-BF4B-00C04F79EFBC}") = "Xmf2.RestSharp.Factories", "Xmf2.RestSharp.Factories\Xmf2.RestSharp.Factories.csproj", "{80E00467-418D-45A4-B0B7-477287677365}"
EndProject
Project("{FAE04EC0-301F-11D3-BF4B-00C04F79EFBC}") = "Xmf2.RestSharp.ModernHttp", "Xmf2.RestSharp.ModernHttp\Xmf2.RestSharp.ModernHttp.csproj", "{369B17BE-69DE-4B38-A54F-3ADB2CE43774}"
EndProject
Global
	GlobalSection(SolutionConfigurationPlatforms) = preSolution
		Debug|Any CPU = Debug|Any CPU
		Release|Any CPU = Release|Any CPU
	EndGlobalSection
	GlobalSection(ProjectConfigurationPlatforms) = postSolution
		{4DF6D191-155C-4C5E-9E14-B5404E7824B0}.Debug|Any CPU.ActiveCfg = Debug|Any CPU
		{4DF6D191-155C-4C5E-9E14-B5404E7824B0}.Debug|Any CPU.Build.0 = Debug|Any CPU
		{4DF6D191-155C-4C5E-9E14-B5404E7824B0}.Release|Any CPU.ActiveCfg = Release|Any CPU
		{4DF6D191-155C-4C5E-9E14-B5404E7824B0}.Release|Any CPU.Build.0 = Release|Any CPU
		{80E00467-418D-45A4-B0B7-477287677365}.Debug|Any CPU.ActiveCfg = Debug|Any CPU
		{80E00467-418D-45A4-B0B7-477287677365}.Debug|Any CPU.Build.0 = Debug|Any CPU
		{80E00467-418D-45A4-B0B7-477287677365}.Release|Any CPU.ActiveCfg = Release|Any CPU
		{80E00467-418D-45A4-B0B7-477287677365}.Release|Any CPU.Build.0 = Release|Any CPU
		{369B17BE-69DE-4B38-A54F-3ADB2CE43774}.Debug|Any CPU.ActiveCfg = Debug|Any CPU
		{369B17BE-69DE-4B38-A54F-3ADB2CE43774}.Debug|Any CPU.Build.0 = Debug|Any CPU
		{369B17BE-69DE-4B38-A54F-3ADB2CE43774}.Release|Any CPU.ActiveCfg = Release|Any CPU
		{369B17BE-69DE-4B38-A54F-3ADB2CE43774}.Release|Any CPU.Build.0 = Release|Any CPU
	EndGlobalSection
	GlobalSection(SolutionProperties) = preSolution
		HideSolutionNode = FALSE
	EndGlobalSection
EndGlobal
